// !$*UTF8*$!
{
	archiveVersion = 1;
	classes = {
	};
	objectVersion = 55;
	objects = {

/* Begin PBXBuildFile section */
		7CDCFCC3268C91330058FECC /* AppDelegate.swift in Sources */ = {isa = PBXBuildFile; fileRef = 7CDCFCC2268C91330058FECC /* AppDelegate.swift */; };
		7CDCFCC5268C91330058FECC /* SceneDelegate.swift in Sources */ = {isa = PBXBuildFile; fileRef = 7CDCFCC4268C91330058FECC /* SceneDelegate.swift */; };
		7CDCFCC7268C91330058FECC /* ViewController.swift in Sources */ = {isa = PBXBuildFile; fileRef = 7CDCFCC6268C91330058FECC /* ViewController.swift */; };
		7CDCFCCA268C91330058FECC /* Main.storyboard in Resources */ = {isa = PBXBuildFile; fileRef = 7CDCFCC8268C91330058FECC /* Main.storyboard */; };
		7CDCFCCC268C91350058FECC /* Assets.xcassets in Resources */ = {isa = PBXBuildFile; fileRef = 7CDCFCCB268C91350058FECC /* Assets.xcassets */; };
		7CDCFCCF268C91350058FECC /* LaunchScreen.storyboard in Resources */ = {isa = PBXBuildFile; fileRef = 7CDCFCCD268C91350058FECC /* LaunchScreen.storyboard */; };
		7CDCFCD7268C94DF0058FECC /* PhotoTableViewCell.swift in Sources */ = {isa = PBXBuildFile; fileRef = 7CDCFCD6268C94DF0058FECC /* PhotoTableViewCell.swift */; };
		7CDCFCD9268C9EAF0058FECC /* PhotoCollectionViewCell.swift in Sources */ = {isa = PBXBuildFile; fileRef = 7CDCFCD8268C9EAF0058FECC /* PhotoCollectionViewCell.swift */; };
		7CDCFCDB268CB5710058FECC /* ProductCellViewModels.swift in Sources */ = {isa = PBXBuildFile; fileRef = 7CDCFCDA268CB5710058FECC /* ProductCellViewModels.swift */; };
/* End PBXBuildFile section */

/* Begin PBXFileReference section */
		7CDCFCBF268C91330058FECC /* e-commerce.app */ = {isa = PBXFileReference; explicitFileType = wrapper.application; includeInIndex = 0; path = "e-commerce.app"; sourceTree = BUILT_PRODUCTS_DIR; };
		7CDCFCC2268C91330058FECC /* AppDelegate.swift */ = {isa = PBXFileReference; lastKnownFileType = sourcecode.swift; path = AppDelegate.swift; sourceTree = "<group>"; };
		7CDCFCC4268C91330058FECC /* SceneDelegate.swift */ = {isa = PBXFileReference; lastKnownFileType = sourcecode.swift; path = SceneDelegate.swift; sourceTree = "<group>"; };
		7CDCFCC6268C91330058FECC /* ViewController.swift */ = {isa = PBXFileReference; lastKnownFileType = sourcecode.swift; path = ViewController.swift; sourceTree = "<group>"; };
		7CDCFCC9268C91330058FECC /* Base */ = {isa = PBXFileReference; lastKnownFileType = file.storyboard; name = Base; path = Base.lproj/Main.storyboard; sourceTree = "<group>"; };
		7CDCFCCB268C91350058FECC /* Assets.xcassets */ = {isa = PBXFileReference; lastKnownFileType = folder.assetcatalog; path = Assets.xcassets; sourceTree = "<group>"; };
		7CDCFCCE268C91350058FECC /* Base */ = {isa = PBXFileReference; lastKnownFileType = file.storyboard; name = Base; path = Base.lproj/LaunchScreen.storyboard; sourceTree = "<group>"; };
		7CDCFCD0268C91350058FECC /* Info.plist */ = {isa = PBXFileReference; lastKnownFileType = text.plist.xml; path = Info.plist; sourceTree = "<group>"; };
		7CDCFCD6268C94DF0058FECC /* PhotoTableViewCell.swift */ = {isa = PBXFileReference; lastKnownFileType = sourcecode.swift; path = PhotoTableViewCell.swift; sourceTree = "<group>"; };
		7CDCFCD8268C9EAF0058FECC /* PhotoCollectionViewCell.swift */ = {isa = PBXFileReference; lastKnownFileType = sourcecode.swift; path = PhotoCollectionViewCell.swift; sourceTree = "<group>"; };
		7CDCFCDA268CB5710058FECC /* ProductCellViewModels.swift */ = {isa = PBXFileReference; lastKnownFileType = sourcecode.swift; path = ProductCellViewModels.swift; sourceTree = "<group>"; };
/* End PBXFileReference section */

/* Begin PBXFrameworksBuildPhase section */
		7CDCFCBC268C91330058FECC /* Frameworks */ = {
			isa = PBXFrameworksBuildPhase;
			buildActionMask = 2147483647;
			files = (
			);
			runOnlyForDeploymentPostprocessing = 0;
		};
/* End PBXFrameworksBuildPhase section */

/* Begin PBXGroup section */
		7CDCFCB6268C91330058FECC = {
			isa = PBXGroup;
			children = (
				7CDCFCC1268C91330058FECC /* e-commerce */,
				7CDCFCC0268C91330058FECC /* Products */,
			);
			sourceTree = "<group>";
		};
		7CDCFCC0268C91330058FECC /* Products */ = {
			isa = PBXGroup;
			children = (
				7CDCFCBF268C91330058FECC /* e-commerce.app */,
			);
			name = Products;
			sourceTree = "<group>";
		};
		7CDCFCC1268C91330058FECC /* e-commerce */ = {
			isa = PBXGroup;
			children = (
				7CDCFCC2268C91330058FECC /* AppDelegate.swift */,
				7CDCFCC4268C91330058FECC /* SceneDelegate.swift */,
				7CDCFCC6268C91330058FECC /* ViewController.swift */,
				7CDCFCC8268C91330058FECC /* Main.storyboard */,
				7CDCFCCB268C91350058FECC /* Assets.xcassets */,
				7CDCFCCD268C91350058FECC /* LaunchScreen.storyboard */,
				7CDCFCD0268C91350058FECC /* Info.plist */,
				7CDCFCD6268C94DF0058FECC /* PhotoTableViewCell.swift */,
				7CDCFCD8268C9EAF0058FECC /* PhotoCollectionViewCell.swift */,
				7CDCFCDA268CB5710058FECC /* ProductCellViewModels.swift */,
			);
			path = "e-commerce";
			sourceTree = "<group>";
		};
/* End PBXGroup section */

/* Begin PBXNativeTarget section */
		7CDCFCBE268C91330058FECC /* e-commerce */ = {
			isa = PBXNativeTarget;
			buildConfigurationList = 7CDCFCD3268C91350058FECC /* Build configuration list for PBXNativeTarget "e-commerce" */;
			buildPhases = (
				7CDCFCBB268C91330058FECC /* Sources */,
				7CDCFCBC268C91330058FECC /* Frameworks */,
				7CDCFCBD268C91330058FECC /* Resources */,
			);
			buildRules = (
			);
			dependencies = (
			);
			name = "e-commerce";
			productName = "e-commerce";
			productReference = 7CDCFCBF268C91330058FECC /* e-commerce.app */;
			productType = "com.apple.product-type.application";
		};
/* End PBXNativeTarget section */

/* Begin PBXProject section */
		7CDCFCB7268C91330058FECC /* Project object */ = {
			isa = PBXProject;
			attributes = {
				BuildIndependentTargetsInParallel = 1;
				LastSwiftUpdateCheck = 1300;
				LastUpgradeCheck = 1300;
				TargetAttributes = {
					7CDCFCBE268C91330058FECC = {
						CreatedOnToolsVersion = 13.0;
					};
				};
			};
			buildConfigurationList = 7CDCFCBA268C91330058FECC /* Build configuration list for PBXProject "e-commerce" */;
			compatibilityVersion = "Xcode 13.0";
			developmentRegion = en;
			hasScannedForEncodings = 0;
			knownRegions = (
				en,
				Base,
			);
			mainGroup = 7CDCFCB6268C91330058FECC;
			productRefGroup = 7CDCFCC0268C91330058FECC /* Products */;
			projectDirPath = "";
			projectRoot = "";
			targets = (
				7CDCFCBE268C91330058FECC /* e-commerce */,
			);
		};
/* End PBXProject section */

/* Begin PBXResourcesBuildPhase section */
		7CDCFCBD268C91330058FECC /* Resources */ = {
			isa = PBXResourcesBuildPhase;
			buildActionMask = 2147483647;
			files = (
				7CDCFCCF268C91350058FECC /* LaunchScreen.storyboard in Resources */,
				7CDCFCCC268C91350058FECC /* Assets.xcassets in Resources */,
				7CDCFCCA268C91330058FECC /* Main.storyboard in Resources */,
			);
			runOnlyForDeploymentPostprocessing = 0;
		};
/* End PBXResourcesBuildPhase section */

/* Begin PBXSourcesBuildPhase section */
		7CDCFCBB268C91330058FECC /* Sources */ = {
			isa = PBXSourcesBuildPhase;
			buildActionMask = 2147483647;
			files = (
				7CDCFCD7268C94DF0058FECC /* PhotoTableViewCell.swift in Sources */,
				7CDCFCD9268C9EAF0058FECC /* PhotoCollectionViewCell.swift in Sources */,
				7CDCFCDB268CB5710058FECC /* ProductCellViewModels.swift in Sources */,
				7CDCFCC7268C91330058FECC /* ViewController.swift in Sources */,
				7CDCFCC3268C91330058FECC /* AppDelegate.swift in Sources */,
				7CDCFCC5268C91330058FECC /* SceneDelegate.swift in Sources */,
			);
			runOnlyForDeploymentPostprocessing = 0;
		};
/* End PBXSourcesBuildPhase section */

/* Begin PBXVariantGroup section */
		7CDCFCC8268C91330058FECC /* Main.storyboard */ = {
			isa = PBXVariantGroup;
			children = (
				7CDCFCC9268C91330058FECC /* Base */,
			);
			name = Main.storyboard;
			sourceTree = "<group>";
		};
		7CDCFCCD268C91350058FECC /* LaunchScreen.storyboard */ = {
			isa = PBXVariantGroup;
			children = (
				7CDCFCCE268C91350058FECC /* Base */,
			);
			name = LaunchScreen.storyboard;
			sourceTree = "<group>";
		};
/* End PBXVariantGroup section */

/* Begin XCBuildConfiguration section */
		7CDCFCD1268C91350058FECC /* Debug */ = {
			isa = XCBuildConfiguration;
			buildSettings = {
				ALWAYS_SEARCH_USER_PATHS = NO;
				CLANG_ANALYZER_NONNULL = YES;
				CLANG_ANALYZER_NUMBER_OBJECT_CONVERSION = YES_AGGRESSIVE;
				CLANG_CXX_LANGUAGE_STANDARD = "gnu++14";
				CLANG_CXX_LIBRARY = "libc++";
				CLANG_ENABLE_MODULES = YES;
				CLANG_ENABLE_OBJC_ARC = YES;
				CLANG_ENABLE_OBJC_WEAK = YES;
				CLANG_WARN_BLOCK_CAPTURE_AUTORELEASING = YES;
				CLANG_WARN_BOOL_CONVERSION = YES;
				CLANG_WARN_COMMA = YES;
				CLANG_WARN_CONSTANT_CONVERSION = YES;
				CLANG_WARN_DEPRECATED_OBJC_IMPLEMENTATIONS = YES;
				CLANG_WARN_DIRECT_OBJC_ISA_USAGE = YES_ERROR;
				CLANG_WARN_DOCUMENTATION_COMMENTS = YES;
				CLANG_WARN_EMPTY_BODY = YES;
				CLANG_WARN_ENUM_CONVERSION = YES;
				CLANG_WARN_INFINITE_RECURSION = YES;
				CLANG_WARN_INT_CONVERSION = YES;
				CLANG_WARN_NON_LITERAL_NULL_CONVERSION = YES;
				CLANG_WARN_OBJC_IMPLICIT_RETAIN_SELF = YES;
				CLANG_WARN_OBJC_LITERAL_CONVERSION = YES;
				CLANG_WARN_OBJC_ROOT_CLASS = YES_ERROR;
				CLANG_WARN_QUOTED_INCLUDE_IN_FRAMEWORK_HEADER = YES;
				CLANG_WARN_RANGE_LOOP_ANALYSIS = YES;
				CLANG_WARN_STRICT_PROTOTYPES = YES;
				CLANG_WARN_SUSPICIOUS_MOVE = YES;
				CLANG_WARN_UNGUARDED_AVAILABILITY = YES_AGGRESSIVE;
				CLANG_WARN_UNREACHABLE_CODE = YES;
				CLANG_WARN__DUPLICATE_METHOD_MATCH = YES;
				COPY_PHASE_STRIP = NO;
				DEBUG_INFORMATION_FORMAT = dwarf;
				ENABLE_STRICT_OBJC_MSGSEND = YES;
				ENABLE_TESTABILITY = YES;
				GCC_C_LANGUAGE_STANDARD = gnu11;
				GCC_DYNAMIC_NO_PIC = NO;
				GCC_NO_COMMON_BLOCKS = YES;
				GCC_OPTIMIZATION_LEVEL = 0;
				GCC_PREPROCESSOR_DEFINITIONS = (
					"DEBUG=1",
					"$(inherited)",
				);
				GCC_WARN_64_TO_32_BIT_CONVERSION = YES;
				GCC_WARN_ABOUT_RETURN_TYPE = YES_ERROR;
				GCC_WARN_UNDECLARED_SELECTOR = YES;
				GCC_WARN_UNINITIALIZED_AUTOS = YES_AGGRESSIVE;
				GCC_WARN_UNUSED_FUNCTION = YES;
				GCC_WARN_UNUSED_VARIABLE = YES;
				IPHONEOS_DEPLOYMENT_TARGET = 15.0;
				MTL_ENABLE_DEBUG_INFO = INCLUDE_SOURCE;
				MTL_FAST_MATH = YES;
				ONLY_ACTIVE_ARCH = YES;
				SDKROOT = iphoneos;
				SWIFT_ACTIVE_COMPILATION_CONDITIONS = DEBUG;
				SWIFT_OPTIMIZATION_LEVEL = "-Onone";
			};
			name = Debug;
		};
		7CDCFCD2268C91350058FECC /* Release */ = {
			isa = XCBuildConfiguration;
			buildSettings = {
				ALWAYS_SEARCH_USER_PATHS = NO;
				CLANG_ANALYZER_NONNULL = YES;
				CLANG_ANALYZER_NUMBER_OBJECT_CONVERSION = YES_AGGRESSIVE;
				CLANG_CXX_LANGUAGE_STANDARD = "gnu++14";
				CLANG_CXX_LIBRARY = "libc++";
				CLANG_ENABLE_MODULES = YES;
				CLANG_ENABLE_OBJC_ARC = YES;
				CLANG_ENABLE_OBJC_WEAK = YES;
				CLANG_WARN_BLOCK_CAPTURE_AUTORELEASING = YES;
				CLANG_WARN_BOOL_CONVERSION = YES;
				CLANG_WARN_COMMA = YES;
				CLANG_WARN_CONSTANT_CONVERSION = YES;
				CLANG_WARN_DEPRECATED_OBJC_IMPLEMENTATIONS = YES;
				CLANG_WARN_DIRECT_OBJC_ISA_USAGE = YES_ERROR;
				CLANG_WARN_DOCUMENTATION_COMMENTS = YES;
				CLANG_WARN_EMPTY_BODY = YES;
				CLANG_WARN_ENUM_CONVERSION = YES;
				CLANG_WARN_INFINITE_RECURSION = YES;
				CLANG_WARN_INT_CONVERSION = YES;
				CLANG_WARN_NON_LITERAL_NULL_CONVERSION = YES;
				CLANG_WARN_OBJC_IMPLICIT_RETAIN_SELF = YES;
				CLANG_WARN_OBJC_LITERAL_CONVERSION = YES;
				CLANG_WARN_OBJC_ROOT_CLASS = YES_ERROR;
				CLANG_WARN_QUOTED_INCLUDE_IN_FRAMEWORK_HEADER = YES;
				CLANG_WARN_RANGE_LOOP_ANALYSIS = YES;
				CLANG_WARN_STRICT_PROTOTYPES = YES;
				CLANG_WARN_SUSPICIOUS_MOVE = YES;
				CLANG_WARN_UNGUARDED_AVAILABILITY = YES_AGGRESSIVE;
				CLANG_WARN_UNREACHABLE_CODE = YES;
				CLANG_WARN__DUPLICATE_METHOD_MATCH = YES;
				COPY_PHASE_STRIP = NO;
				DEBUG_INFORMATION_FORMAT = "dwarf-with-dsym";
				ENABLE_NS_ASSERTIONS = NO;
				ENABLE_STRICT_OBJC_MSGSEND = YES;
				GCC_C_LANGUAGE_STANDARD = gnu11;
				GCC_NO_COMMON_BLOCKS = YES;
				GCC_WARN_64_TO_32_BIT_CONVERSION = YES;
				GCC_WARN_ABOUT_RETURN_TYPE = YES_ERROR;
				GCC_WARN_UNDECLARED_SELECTOR = YES;
				GCC_WARN_UNINITIALIZED_AUTOS = YES_AGGRESSIVE;
				GCC_WARN_UNUSED_FUNCTION = YES;
				GCC_WARN_UNUSED_VARIABLE = YES;
				IPHONEOS_DEPLOYMENT_TARGET = 15.0;
				MTL_ENABLE_DEBUG_INFO = NO;
				MTL_FAST_MATH = YES;
				SDKROOT = iphoneos;
				SWIFT_COMPILATION_MODE = wholemodule;
				SWIFT_OPTIMIZATION_LEVEL = "-O";
				VALIDATE_PRODUCT = YES;
			};
			name = Release;
		};
		7CDCFCD4268C91350058FECC /* Debug */ = {
			isa = XCBuildConfiguration;
			buildSettings = {
				ASSETCATALOG_COMPILER_APPICON_NAME = AppIcon;
				ASSETCATALOG_COMPILER_GLOBAL_ACCENT_COLOR_NAME = AccentColor;
				CODE_SIGN_STYLE = Automatic;
				CURRENT_PROJECT_VERSION = 1;
				DEVELOPMENT_TEAM = 47FU3Y4972;
				GENERATE_INFOPLIST_FILE = YES;
				INFOPLIST_FILE = "e-commerce/Info.plist";
				INFOPLIST_KEY_UIApplicationSupportsIndirectInputEvents = YES;
				INFOPLIST_KEY_UILaunchStoryboardName = LaunchScreen;
				INFOPLIST_KEY_UIMainStoryboardFile = Main;
				INFOPLIST_KEY_UISupportedInterfaceOrientations_iPad = "UIInterfaceOrientationPortrait UIInterfaceOrientationPortraitUpsideDown UIInterfaceOrientationLandscapeLeft UIInterfaceOrientationLandscapeRight";
				INFOPLIST_KEY_UISupportedInterfaceOrientations_iPhone = "UIInterfaceOrientationPortrait UIInterfaceOrientationLandscapeLeft UIInterfaceOrientationLandscapeRight";
				LD_RUNPATH_SEARCH_PATHS = (
					"$(inherited)",
					"@executable_path/Frameworks",
				);
				MARKETING_VERSION = 1.0;
				PRODUCT_BUNDLE_IDENTIFIER = "mesutaygun35-icloud.com.e-commerce";
				PRODUCT_NAME = "$(TARGET_NAME)";
				SWIFT_EMIT_LOC_STRINGS = YES;
				SWIFT_VERSION = 5.0;
				TARGETED_DEVICE_FAMILY = "1,2";
			};
			name = Debug;
		};
		7CDCFCD5268C91350058FECC /* Release */ = {
			isa = XCBuildConfiguration;
			buildSettings = {
				ASSETCATALOG_COMPILER_APPICON_NAME = AppIcon;
				ASSETCATALOG_COMPILER_GLOBAL_ACCENT_COLOR_NAME = AccentColor;
				CODE_SIGN_STYLE = Automatic;
				CURRENT_PROJECT_VERSION = 1;
				DEVELOPMENT_TEAM = 47FU3Y4972;
				GENERATE_INFOPLIST_FILE = YES;
				INFOPLIST_FILE = "e-commerce/Info.plist";
				INFOPLIST_KEY_UIApplicationSupportsIndirectInputEvents = YES;
				INFOPLIST_KEY_UILaunchStoryboardName = LaunchScreen;
				INFOPLIST_KEY_UIMainStoryboardFile = Main;
				INFOPLIST_KEY_UISupportedInterfaceOrientations_iPad = "UIInterfaceOrientationPortrait UIInterfaceOrientationPortraitUpsideDown UIInterfaceOrientationLandscapeLeft UIInterfaceOrientationLandscapeRight";
				INFOPLIST_KEY_UISupportedInterfaceOrientations_iPhone = "UIInterfaceOrientationPortrait UIInterfaceOrientationLandscapeLeft UIInterfaceOrientationLandscapeRight";
				LD_RUNPATH_SEARCH_PATHS = (
					"$(inherited)",
					"@executable_path/Frameworks",
				);
				MARKETING_VERSION = 1.0;
				PRODUCT_BUNDLE_IDENTIFIER = "mesutaygun35-icloud.com.e-commerce";
				PRODUCT_NAME = "$(TARGET_NAME)";
				SWIFT_EMIT_LOC_STRINGS = YES;
				SWIFT_VERSION = 5.0;
				TARGETED_DEVICE_FAMILY = "1,2";
			};
			name = Release;
		};
/* End XCBuildConfiguration section */

/* Begin XCConfigurationList section */
		7CDCFCBA268C91330058FECC /* Build configuration list for PBXProject "e-commerce" */ = {
			isa = XCConfigurationList;
			buildConfigurations = (
				7CDCFCD1268C91350058FECC /* Debug */,
				7CDCFCD2268C91350058FECC /* Release */,
			);
			defaultConfigurationIsVisible = 0;
			defaultConfigurationName = Release;
		};
		7CDCFCD3268C91350058FECC /* Build configuration list for PBXNativeTarget "e-commerce" */ = {
			isa = XCConfigurationList;
			buildConfigurations = (
				7CDCFCD4268C91350058FECC /* Debug */,
				7CDCFCD5268C91350058FECC /* Release */,
			);
			defaultConfigurationIsVisible = 0;
			defaultConfigurationName = Release;
		};
/* End XCConfigurationList section */
	};
	rootObject = 7CDCFCB7268C91330058FECC /* Project object */;
}
